
Microsoft Visual Studio Solution File, Format Version 12.00
# Visual Studio Version 17
VisualStudioVersion = 17.8.34525.116
MinimumVisualStudioVersion = 10.0.40219.1
Project("{9A19103F-16F7-4668-BE54-9A1E7A4F7556}") = "SliderTest", "SliderTest.csproj", "{8C497755-8F5B-46CB-BE69-2BAAA7D40325}"
EndProject
Global
	GlobalSection(SolutionConfigurationPlatforms) = preSolution
		Debug|Any CPU = Debug|Any CPU
		Release|Any CPU = Release|Any CPU
	EndGlobalSection
	GlobalSection(ProjectConfigurationPlatforms) = postSolution
		{8C497755-8F5B-46CB-BE69-2BAAA7D40325}.Debug|Any CPU.ActiveCfg = Debug|Any CPU
		{8C497755-8F5B-46CB-BE69-2BAAA7D40325}.Debug|Any CPU.Build.0 = Debug|Any CPU
		{8C497755-8F5B-46CB-BE69-2BAAA7D40325}.Release|Any CPU.ActiveCfg = Release|Any CPU
		{8C497755-8F5B-46CB-BE69-2BAAA7D40325}.Release|Any CPU.Build.0 = Release|Any CPU
	EndGlobalSection
	GlobalSection(SolutionProperties) = preSolution
		HideSolutionNode = FALSE
	EndGlobalSection
	GlobalSection(ExtensibilityGlobals) = postSolution
		SolutionGuid = {F4AE20FA-F1BF-4CFC-8CFF-76F77057BD4E}
	EndGlobalSection
EndGlobal
